<Solution>
  <Folder Name="/src/">
    <Project Path="src/Polhem.JsonRpc/Polhem.JsonRpc.csproj" />
    <Project Path="src/Polhem.JsonRpc.Payload.Client/Polhem.JsonRpc.Payload.Client.csproj" />
    <Project Path="src/Polhem.JsonRpc.Payload.Server/Polhem.JsonRpc.Payload.Server.csproj" />
    <Project Path="src/Polhem.JsonRpc.Payload/Polhem.JsonRpc.Payload.csproj" />
    <Project Path="src/Polhem.JsonRpc.Server/Polhem.JsonRpc.Server.csproj" />
    <Project Path="src/Polhem.JsonRpc.AspNetCore/Polhem.JsonRpc.AspNetCore.csproj" />
    <Project Path="src/Polhem.JsonRpc.Client/Polhem.JsonRpc.Client.csproj" />
  </Folder>
  <Folder Name="/tests/">
    <Project Path="tests/Polhem.JsonRpc.AotSmoke/Polhem.JsonRpc.AotSmoke.csproj" />
    <Project Path="tests/Polhem.JsonRpc.ReadmeSnippets/Polhem.JsonRpc.ReadmeSnippets.csproj" />
    <Project Path="tests/Polhem.JsonRpc.UnitTests/Polhem.JsonRpc.UnitTests.csproj" />
  </Folder>
  <Folder Name="/samples/">
    <Project Path="samples/QuickStart.Contracts/QuickStart.Contracts.csproj" />
    <Project Path="samples/QuickStart.Server/QuickStart.Server.csproj" />
    <Project Path="samples/PayloadQuickStart.Client/PayloadQuickStart.Client.csproj" />
    <Project Path="samples/PayloadQuickStart.Server/PayloadQuickStart.Server.csproj" />
    <Project Path="samples/QuickStart.Client/QuickStart.Client.csproj" />
  </Folder>
</Solution>
